
Microsoft Visual Studio Solution File, Format Version 11.00
# Visual Studio 10
Project("{F184B08F-C81C-45F6-A57F-5ABD9991F28F}") = "3-1-5", "3-1-5.vbproj", "{B4B17EE0-28F3-4186-92C1-DF12137F0E2A}"
EndProject
Global
	GlobalSection(SolutionConfigurationPlatforms) = preSolution
		Debug|x86 = Debug|x86
		Release|x86 = Release|x86
	EndGlobalSection
	GlobalSection(ProjectConfigurationPlatforms) = postSolution
		{B4B17EE0-28F3-4186-92C1-DF12137F0E2A}.Debug|x86.ActiveCfg = Debug|x86
		{B4B17EE0-28F3-4186-92C1-DF12137F0E2A}.Debug|x86.Build.0 = Debug|x86
		{B4B17EE0-28F3-4186-92C1-DF12137F0E2A}.Release|x86.ActiveCfg = Release|x86
		{B4B17EE0-28F3-4186-92C1-DF12137F0E2A}.Release|x86.Build.0 = Release|x86
	EndGlobalSection
	GlobalSection(SolutionProperties) = preSolution
		HideSolutionNode = FALSE
	EndGlobalSection
EndGlobal
